// !$*UTF8*$!
{
	archiveVersion = 1;
	classes = {
	};
	objectVersion = 46;
	objects = {

/* Begin PBXBuildFile section */
		8D572C9C1A24AA8300F55658 /* Alamofire.framework in Frameworks */ = {isa = PBXBuildFile; fileRef = 8D572C991A24AA8300F55658 /* Alamofire.framework */; };
		8D572C9D1A24AA8300F55658 /* Alamofire.framework in Embed Frameworks */ = {isa = PBXBuildFile; fileRef = 8D572C991A24AA8300F55658 /* Alamofire.framework */; settings = {ATTRIBUTES = (CodeSignOnCopy, RemoveHeadersOnCopy, ); }; };
		8D572CA01A24AA8300F55658 /* TypetalkKit.framework in Frameworks */ = {isa = PBXBuildFile; fileRef = 8D572C9B1A24AA8300F55658 /* TypetalkKit.framework */; };
		8D572CA11A24AA8300F55658 /* TypetalkKit.framework in Embed Frameworks */ = {isa = PBXBuildFile; fileRef = 8D572C9B1A24AA8300F55658 /* TypetalkKit.framework */; settings = {ATTRIBUTES = (CodeSignOnCopy, RemoveHeadersOnCopy, ); }; };
		8D572CA41A24AAE600F55658 /* Starscream.framework in Frameworks */ = {isa = PBXBuildFile; fileRef = 8D572CA31A24AAE600F55658 /* Starscream.framework */; };
		8D572CA51A24AAE600F55658 /* Starscream.framework in Embed Frameworks */ = {isa = PBXBuildFile; fileRef = 8D572CA31A24AAE600F55658 /* Starscream.framework */; settings = {ATTRIBUTES = (CodeSignOnCopy, RemoveHeadersOnCopy, ); }; };
		8DFAC8451A1E062F0067A438 /* AppDelegate.swift in Sources */ = {isa = PBXBuildFile; fileRef = 8DFAC8441A1E062F0067A438 /* AppDelegate.swift */; };
		8DFAC8471A1E062F0067A438 /* MasterViewController.swift in Sources */ = {isa = PBXBuildFile; fileRef = 8DFAC8461A1E062F0067A438 /* MasterViewController.swift */; };
		8DFAC8491A1E062F0067A438 /* DetailViewController.swift in Sources */ = {isa = PBXBuildFile; fileRef = 8DFAC8481A1E062F0067A438 /* DetailViewController.swift */; };
		8DFAC84C1A1E062F0067A438 /* Main.storyboard in Resources */ = {isa = PBXBuildFile; fileRef = 8DFAC84A1A1E062F0067A438 /* Main.storyboard */; };
		8DFAC84E1A1E062F0067A438 /* Images.xcassets in Resources */ = {isa = PBXBuildFile; fileRef = 8DFAC84D1A1E062F0067A438 /* Images.xcassets */; };
		8DFAC8511A1E062F0067A438 /* LaunchScreen.xib in Resources */ = {isa = PBXBuildFile; fileRef = 8DFAC84F1A1E062F0067A438 /* LaunchScreen.xib */; };
		8DFAC85D1A1E062F0067A438 /* TypetalkKit_WebSocketSampleTests.swift in Sources */ = {isa = PBXBuildFile; fileRef = 8DFAC85C1A1E062F0067A438 /* TypetalkKit_WebSocketSampleTests.swift */; };
/* End PBXBuildFile section */

/* Begin PBXContainerItemProxy section */
		8DFAC8571A1E062F0067A438 /* PBXContainerItemProxy */ = {
			isa = PBXContainerItemProxy;
			containerPortal = 8DFAC8371A1E062F0067A438 /* Project object */;
			proxyType = 1;
			remoteGlobalIDString = 8DFAC83E1A1E062F0067A438;
			remoteInfo = "TypetalkKit+WebSocketSample";
		};
/* End PBXContainerItemProxy section */

/* Begin PBXCopyFilesBuildPhase section */
		8D572CA21A24AA8300F55658 /* Embed Frameworks */ = {
			isa = PBXCopyFilesBuildPhase;
			buildActionMask = 2147483647;
			dstPath = "";
			dstSubfolderSpec = 10;
			files = (
				8D572C9D1A24AA8300F55658 /* Alamofire.framework in Embed Frameworks */,
				8D572CA51A24AAE600F55658 /* Starscream.framework in Embed Frameworks */,
				8D572CA11A24AA8300F55658 /* TypetalkKit.framework in Embed Frameworks */,
			);
			name = "Embed Frameworks";
			runOnlyForDeploymentPostprocessing = 0;
		};
/* End PBXCopyFilesBuildPhase section */

/* Begin PBXFileReference section */
		8D572C991A24AA8300F55658 /* Alamofire.framework */ = {isa = PBXFileReference; lastKnownFileType = wrapper.framework; name = Alamofire.framework; path = Carthage.build/iOS/Alamofire.framework; sourceTree = "<group>"; };
		8D572C9B1A24AA8300F55658 /* TypetalkKit.framework */ = {isa = PBXFileReference; lastKnownFileType = wrapper.framework; name = TypetalkKit.framework; path = Carthage.build/iOS/TypetalkKit.framework; sourceTree = "<group>"; };
		8D572CA31A24AAE600F55658 /* Starscream.framework */ = {isa = PBXFileReference; lastKnownFileType = wrapper.framework; name = Starscream.framework; path = Carthage.build/iOS/Starscream.framework; sourceTree = "<group>"; };
		8DFAC83F1A1E062F0067A438 /* TypetalkKit+WebSocketSample.app */ = {isa = PBXFileReference; explicitFileType = wrapper.application; includeInIndex = 0; path = "TypetalkKit+WebSocketSample.app"; sourceTree = BUILT_PRODUCTS_DIR; };
		8DFAC8431A1E062F0067A438 /* Info.plist */ = {isa = PBXFileReference; lastKnownFileType = text.plist.xml; path = Info.plist; sourceTree = "<group>"; };
		8DFAC8441A1E062F0067A438 /* AppDelegate.swift */ = {isa = PBXFileReference; lastKnownFileType = sourcecode.swift; path = AppDelegate.swift; sourceTree = "<group>"; };
		8DFAC8461A1E062F0067A438 /* MasterViewController.swift */ = {isa = PBXFileReference; lastKnownFileType = sourcecode.swift; path = MasterViewController.swift; sourceTree = "<group>"; };
		8DFAC8481A1E062F0067A438 /* DetailViewController.swift */ = {isa = PBXFileReference; lastKnownFileType = sourcecode.swift; path = DetailViewController.swift; sourceTree = "<group>"; };
		8DFAC84B1A1E062F0067A438 /* Base */ = {isa = PBXFileReference; lastKnownFileType = file.storyboard; name = Base; path = Base.lproj/Main.storyboard; sourceTree = "<group>"; };
		8DFAC84D1A1E062F0067A438 /* Images.xcassets */ = {isa = PBXFileReference; lastKnownFileType = folder.assetcatalog; path = Images.xcassets; sourceTree = "<group>"; };
		8DFAC8501A1E062F0067A438 /* Base */ = {isa = PBXFileReference; lastKnownFileType = file.xib; name = Base; path = Base.lproj/LaunchScreen.xib; sourceTree = "<group>"; };
		8DFAC8561A1E062F0067A438 /* TypetalkKit+WebSocketSampleTests.xctest */ = {isa = PBXFileReference; explicitFileType = wrapper.cfbundle; includeInIndex = 0; path = "TypetalkKit+WebSocketSampleTests.xctest"; sourceTree = BUILT_PRODUCTS_DIR; };
		8DFAC85B1A1E062F0067A438 /* Info.plist */ = {isa = PBXFileReference; lastKnownFileType = text.plist.xml; path = Info.plist; sourceTree = "<group>"; };
		8DFAC85C1A1E062F0067A438 /* TypetalkKit_WebSocketSampleTests.swift */ = {isa = PBXFileReference; lastKnownFileType = sourcecode.swift; path = TypetalkKit_WebSocketSampleTests.swift; sourceTree = "<group>"; };
/* End PBXFileReference section */

/* Begin PBXFrameworksBuildPhase section */
		8DFAC83C1A1E062F0067A438 /* Frameworks */ = {
			isa = PBXFrameworksBuildPhase;
			buildActionMask = 2147483647;
			files = (
				8D572C9C1A24AA8300F55658 /* Alamofire.framework in Frameworks */,
				8D572CA41A24AAE600F55658 /* Starscream.framework in Frameworks */,
				8D572CA01A24AA8300F55658 /* TypetalkKit.framework in Frameworks */,
			);
			runOnlyForDeploymentPostprocessing = 0;
		};
		8DFAC8531A1E062F0067A438 /* Frameworks */ = {
			isa = PBXFrameworksBuildPhase;
			buildActionMask = 2147483647;
			files = (
			);
			runOnlyForDeploymentPostprocessing = 0;
		};
/* End PBXFrameworksBuildPhase section */

/* Begin PBXGroup section */
		8DFAC8361A1E062F0067A438 = {
			isa = PBXGroup;
			children = (
				8DFAC8411A1E062F0067A438 /* TypetalkKit+WebSocketSample */,
				8DFAC8591A1E062F0067A438 /* TypetalkKit+WebSocketSampleTests */,
				8DFAC8401A1E062F0067A438 /* Products */,
				8D572CA31A24AAE600F55658 /* Starscream.framework */,
				8D572C991A24AA8300F55658 /* Alamofire.framework */,
				8D572C9B1A24AA8300F55658 /* TypetalkKit.framework */,
			);
			sourceTree = "<group>";
		};
		8DFAC8401A1E062F0067A438 /* Products */ = {
			isa = PBXGroup;
			children = (
				8DFAC83F1A1E062F0067A438 /* TypetalkKit+WebSocketSample.app */,
				8DFAC8561A1E062F0067A438 /* TypetalkKit+WebSocketSampleTests.xctest */,
			);
			name = Products;
			sourceTree = "<group>";
		};
		8DFAC8411A1E062F0067A438 /* TypetalkKit+WebSocketSample */ = {
			isa = PBXGroup;
			children = (
				8DFAC8441A1E062F0067A438 /* AppDelegate.swift */,
				8DFAC8461A1E062F0067A438 /* MasterViewController.swift */,
				8DFAC8481A1E062F0067A438 /* DetailViewController.swift */,
				8DFAC84A1A1E062F0067A438 /* Main.storyboard */,
				8DFAC84D1A1E062F0067A438 /* Images.xcassets */,
				8DFAC84F1A1E062F0067A438 /* LaunchScreen.xib */,
				8DFAC8421A1E062F0067A438 /* Supporting Files */,
			);
			path = "TypetalkKit+WebSocketSample";
			sourceTree = "<group>";
		};
		8DFAC8421A1E062F0067A438 /* Supporting Files */ = {
			isa = PBXGroup;
			children = (
				8DFAC8431A1E062F0067A438 /* Info.plist */,
			);
			name = "Supporting Files";
			sourceTree = "<group>";
		};
		8DFAC8591A1E062F0067A438 /* TypetalkKit+WebSocketSampleTests */ = {
			isa = PBXGroup;
			children = (
				8DFAC85C1A1E062F0067A438 /* TypetalkKit_WebSocketSampleTests.swift */,
				8DFAC85A1A1E062F0067A438 /* Supporting Files */,
			);
			path = "TypetalkKit+WebSocketSampleTests";
			sourceTree = "<group>";
		};
		8DFAC85A1A1E062F0067A438 /* Supporting Files */ = {
			isa = PBXGroup;
			children = (
				8DFAC85B1A1E062F0067A438 /* Info.plist */,
			);
			name = "Supporting Files";
			sourceTree = "<group>";
		};
/* End PBXGroup section */

/* Begin PBXNativeTarget section */
		8DFAC83E1A1E062F0067A438 /* TypetalkKit+WebSocketSample */ = {
			isa = PBXNativeTarget;
			buildConfigurationList = 8DFAC8601A1E062F0067A438 /* Build configuration list for PBXNativeTarget "TypetalkKit+WebSocketSample" */;
			buildPhases = (
				8DFAC83B1A1E062F0067A438 /* Sources */,
				8DFAC83C1A1E062F0067A438 /* Frameworks */,
				8DFAC83D1A1E062F0067A438 /* Resources */,
				8D572CA21A24AA8300F55658 /* Embed Frameworks */,
			);
			buildRules = (
			);
			dependencies = (
			);
			name = "TypetalkKit+WebSocketSample";
			productName = "TypetalkKit+WebSocketSample";
			productReference = 8DFAC83F1A1E062F0067A438 /* TypetalkKit+WebSocketSample.app */;
			productType = "com.apple.product-type.application";
		};
		8DFAC8551A1E062F0067A438 /* TypetalkKit+WebSocketSampleTests */ = {
			isa = PBXNativeTarget;
			buildConfigurationList = 8DFAC8631A1E062F0067A438 /* Build configuration list for PBXNativeTarget "TypetalkKit+WebSocketSampleTests" */;
			buildPhases = (
				8DFAC8521A1E062F0067A438 /* Sources */,
				8DFAC8531A1E062F0067A438 /* Frameworks */,
				8DFAC8541A1E062F0067A438 /* Resources */,
			);
			buildRules = (
			);
			dependencies = (
				8DFAC8581A1E062F0067A438 /* PBXTargetDependency */,
			);
			name = "TypetalkKit+WebSocketSampleTests";
			productName = "TypetalkKit+WebSocketSampleTests";
			productReference = 8DFAC8561A1E062F0067A438 /* TypetalkKit+WebSocketSampleTests.xctest */;
			productType = "com.apple.product-type.bundle.unit-test";
		};
/* End PBXNativeTarget section */

/* Begin PBXProject section */
		8DFAC8371A1E062F0067A438 /* Project object */ = {
			isa = PBXProject;
			attributes = {
				LastUpgradeCheck = 0610;
				ORGANIZATIONNAME = "Safx Developers";
				TargetAttributes = {
					8DFAC83E1A1E062F0067A438 = {
						CreatedOnToolsVersion = 6.1.1;
					};
					8DFAC8551A1E062F0067A438 = {
						CreatedOnToolsVersion = 6.1.1;
						TestTargetID = 8DFAC83E1A1E062F0067A438;
					};
				};
			};
			buildConfigurationList = 8DFAC83A1A1E062F0067A438 /* Build configuration list for PBXProject "TypetalkKit+WebSocketSample" */;
			compatibilityVersion = "Xcode 3.2";
			developmentRegion = English;
			hasScannedForEncodings = 0;
			knownRegions = (
				en,
				Base,
			);
			mainGroup = 8DFAC8361A1E062F0067A438;
			productRefGroup = 8DFAC8401A1E062F0067A438 /* Products */;
			projectDirPath = "";
			projectRoot = "";
			targets = (
				8DFAC83E1A1E062F0067A438 /* TypetalkKit+WebSocketSample */,
				8DFAC8551A1E062F0067A438 /* TypetalkKit+WebSocketSampleTests */,
			);
		};
/* End PBXProject section */

/* Begin PBXResourcesBuildPhase section */
		8DFAC83D1A1E062F0067A438 /* Resources */ = {
			isa = PBXResourcesBuildPhase;
			buildActionMask = 2147483647;
			files = (
				8DFAC84C1A1E062F0067A438 /* Main.storyboard in Resources */,
				8DFAC8511A1E062F0067A438 /* LaunchScreen.xib in Resources */,
				8DFAC84E1A1E062F0067A438 /* Images.xcassets in Resources */,
			);
			runOnlyForDeploymentPostprocessing = 0;
		};
		8DFAC8541A1E062F0067A438 /* Resources */ = {
			isa = PBXResourcesBuildPhase;
			buildActionMask = 2147483647;
			files = (
			);
			runOnlyForDeploymentPostprocessing = 0;
		};
/* End PBXResourcesBuildPhase section */

/* Begin PBXSourcesBuildPhase section */
		8DFAC83B1A1E062F0067A438 /* Sources */ = {
			isa = PBXSourcesBuildPhase;
			buildActionMask = 2147483647;
			files = (
				8DFAC8491A1E062F0067A438 /* DetailViewController.swift in Sources */,
				8DFAC8471A1E062F0067A438 /* MasterViewController.swift in Sources */,
				8DFAC8451A1E062F0067A438 /* AppDelegate.swift in Sources */,
			);
			runOnlyForDeploymentPostprocessing = 0;
		};
		8DFAC8521A1E062F0067A438 /* Sources */ = {
			isa = PBXSourcesBuildPhase;
			buildActionMask = 2147483647;
			files = (
				8DFAC85D1A1E062F0067A438 /* TypetalkKit_WebSocketSampleTests.swift in Sources */,
			);
			runOnlyForDeploymentPostprocessing = 0;
		};
/* End PBXSourcesBuildPhase section */

/* Begin PBXTargetDependency section */
		8DFAC8581A1E062F0067A438 /* PBXTargetDependency */ = {
			isa = PBXTargetDependency;
			target = 8DFAC83E1A1E062F0067A438 /* TypetalkKit+WebSocketSample */;
			targetProxy = 8DFAC8571A1E062F0067A438 /* PBXContainerItemProxy */;
		};
/* End PBXTargetDependency section */

/* Begin PBXVariantGroup section */
		8DFAC84A1A1E062F0067A438 /* Main.storyboard */ = {
			isa = PBXVariantGroup;
			children = (
				8DFAC84B1A1E062F0067A438 /* Base */,
			);
			name = Main.storyboard;
			sourceTree = "<group>";
		};
		8DFAC84F1A1E062F0067A438 /* LaunchScreen.xib */ = {
			isa = PBXVariantGroup;
			children = (
				8DFAC8501A1E062F0067A438 /* Base */,
			);
			name = LaunchScreen.xib;
			sourceTree = "<group>";
		};
/* End PBXVariantGroup section */

/* Begin XCBuildConfiguration section */
		8DFAC85E1A1E062F0067A438 /* Debug */ = {
			isa = XCBuildConfiguration;
			buildSettings = {
				ALWAYS_SEARCH_USER_PATHS = NO;
				CLANG_CXX_LANGUAGE_STANDARD = "gnu++0x";
				CLANG_CXX_LIBRARY = "libc++";
				CLANG_ENABLE_MODULES = YES;
				CLANG_ENABLE_OBJC_ARC = YES;
				CLANG_WARN_BOOL_CONVERSION = YES;
				CLANG_WARN_CONSTANT_CONVERSION = YES;
				CLANG_WARN_DIRECT_OBJC_ISA_USAGE = YES_ERROR;
				CLANG_WARN_EMPTY_BODY = YES;
				CLANG_WARN_ENUM_CONVERSION = YES;
				CLANG_WARN_INT_CONVERSION = YES;
				CLANG_WARN_OBJC_ROOT_CLASS = YES_ERROR;
				CLANG_WARN_UNREACHABLE_CODE = YES;
				CLANG_WARN__DUPLICATE_METHOD_MATCH = YES;
				"CODE_SIGN_IDENTITY[sdk=iphoneos*]" = "iPhone Developer";
				COPY_PHASE_STRIP = NO;
				ENABLE_STRICT_OBJC_MSGSEND = YES;
				GCC_C_LANGUAGE_STANDARD = gnu99;
				GCC_DYNAMIC_NO_PIC = NO;
				GCC_OPTIMIZATION_LEVEL = 0;
				GCC_PREPROCESSOR_DEFINITIONS = (
					"DEBUG=1",
					"$(inherited)",
				);
				GCC_SYMBOLS_PRIVATE_EXTERN = NO;
				GCC_WARN_64_TO_32_BIT_CONVERSION = YES;
				GCC_WARN_ABOUT_RETURN_TYPE = YES_ERROR;
				GCC_WARN_UNDECLARED_SELECTOR = YES;
				GCC_WARN_UNINITIALIZED_AUTOS = YES_AGGRESSIVE;
				GCC_WARN_UNUSED_FUNCTION = YES;
				GCC_WARN_UNUSED_VARIABLE = YES;
				IPHONEOS_DEPLOYMENT_TARGET = 8.1;
				MTL_ENABLE_DEBUG_INFO = YES;
				ONLY_ACTIVE_ARCH = YES;
				SDKROOT = iphoneos;
				SWIFT_OPTIMIZATION_LEVEL = "-Onone";
				TARGETED_DEVICE_FAMILY = "1,2";
			};
			name = Debug;
		};
		8DFAC85F1A1E062F0067A438 /* Release */ = {
			isa = XCBuildConfiguration;
			buildSettings = {
				ALWAYS_SEARCH_USER_PATHS = NO;
				CLANG_CXX_LANGUAGE_STANDARD = "gnu++0x";
				CLANG_CXX_LIBRARY = "libc++";
				CLANG_ENABLE_MODULES = YES;
				CLANG_ENABLE_OBJC_ARC = YES;
				CLANG_WARN_BOOL_CONVERSION = YES;
				CLANG_WARN_CONSTANT_CONVERSION = YES;
				CLANG_WARN_DIRECT_OBJC_ISA_USAGE = YES_ERROR;
				CLANG_WARN_EMPTY_BODY = YES;
				CLANG_WARN_ENUM_CONVERSION = YES;
				CLANG_WARN_INT_CONVERSION = YES;
				CLANG_WARN_OBJC_ROOT_CLASS = YES_ERROR;
				CLANG_WARN_UNREACHABLE_CODE = YES;
				CLANG_WARN__DUPLICATE_METHOD_MATCH = YES;
				"CODE_SIGN_IDENTITY[sdk=iphoneos*]" = "iPhone Developer";
				COPY_PHASE_STRIP = YES;
				ENABLE_NS_ASSERTIONS = NO;
				ENABLE_STRICT_OBJC_MSGSEND = YES;
				GCC_C_LANGUAGE_STANDARD = gnu99;
				GCC_WARN_64_TO_32_BIT_CONVERSION = YES;
				GCC_WARN_ABOUT_RETURN_TYPE = YES_ERROR;
				GCC_WARN_UNDECLARED_SELECTOR = YES;
				GCC_WARN_UNINITIALIZED_AUTOS = YES_AGGRESSIVE;
				GCC_WARN_UNUSED_FUNCTION = YES;
				GCC_WARN_UNUSED_VARIABLE = YES;
				IPHONEOS_DEPLOYMENT_TARGET = 8.1;
				MTL_ENABLE_DEBUG_INFO = NO;
				SDKROOT = iphoneos;
				TARGETED_DEVICE_FAMILY = "1,2";
				VALIDATE_PRODUCT = YES;
			};
			name = Release;
		};
		8DFAC8611A1E062F0067A438 /* Debug */ = {
			isa = XCBuildConfiguration;
			buildSettings = {
				ASSETCATALOG_COMPILER_APPICON_NAME = AppIcon;
				FRAMEWORK_SEARCH_PATHS = (
					"$(inherited)",
					"$(PROJECT_DIR)/Carthage.build/iOS",
					"$(PROJECT_DIR)/Carthage.build/iOS/TypetalkKit.framework/Frameworks",
				);
				INFOPLIST_FILE = "TypetalkKit+WebSocketSample/Info.plist";
				LD_RUNPATH_SEARCH_PATHS = "$(inherited) @executable_path/Frameworks";
				PRODUCT_NAME = "$(TARGET_NAME)";
			};
			name = Debug;
		};
		8DFAC8621A1E062F0067A438 /* Release */ = {
			isa = XCBuildConfiguration;
			buildSettings = {
				ASSETCATALOG_COMPILER_APPICON_NAME = AppIcon;
				FRAMEWORK_SEARCH_PATHS = (
					"$(inherited)",
					"$(PROJECT_DIR)/Carthage.build/iOS",
					"$(PROJECT_DIR)/Carthage.build/iOS/TypetalkKit.framework/Frameworks",
				);
				INFOPLIST_FILE = "TypetalkKit+WebSocketSample/Info.plist";
				LD_RUNPATH_SEARCH_PATHS = "$(inherited) @executable_path/Frameworks";
				PRODUCT_NAME = "$(TARGET_NAME)";
			};
			name = Release;
		};
		8DFAC8641A1E062F0067A438 /* Debug */ = {
			isa = XCBuildConfiguration;
			buildSettings = {
				BUNDLE_LOADER = "$(TEST_HOST)";
				FRAMEWORK_SEARCH_PATHS = (
					"$(SDKROOT)/Developer/Library/Frameworks",
					"$(inherited)",
				);
				GCC_PREPROCESSOR_DEFINITIONS = (
					"DEBUG=1",
					"$(inherited)",
				);
				INFOPLIST_FILE = "TypetalkKit+WebSocketSampleTests/Info.plist";
				LD_RUNPATH_SEARCH_PATHS = "$(inherited) @executable_path/Frameworks @loader_path/Frameworks";
				PRODUCT_NAME = "$(TARGET_NAME)";
				TEST_HOST = "$(BUILT_PRODUCTS_DIR)/TypetalkKit+WebSocketSample.app/TypetalkKit+WebSocketSample";
			};
			name = Debug;
		};
		8DFAC8651A1E062F0067A438 /* Release */ = {
			isa = XCBuildConfiguration;
			buildSettings = {
				BUNDLE_LOADER = "$(TEST_HOST)";
				FRAMEWORK_SEARCH_PATHS = (
					"$(SDKROOT)/Developer/Library/Frameworks",
					"$(inherited)",
				);
				INFOPLIST_FILE = "TypetalkKit+WebSocketSampleTests/Info.plist";
				LD_RUNPATH_SEARCH_PATHS = "$(inherited) @executable_path/Frameworks @loader_path/Frameworks";
				PRODUCT_NAME = "$(TARGET_NAME)";
				TEST_HOST = "$(BUILT_PRODUCTS_DIR)/TypetalkKit+WebSocketSample.app/TypetalkKit+WebSocketSample";
			};
			name = Release;
		};
/* End XCBuildConfiguration section */

/* Begin XCConfigurationList section */
		8DFAC83A1A1E062F0067A438 /* Build configuration list for PBXProject "TypetalkKit+WebSocketSample" */ = {
			isa = XCConfigurationList;
			buildConfigurations = (
				8DFAC85E1A1E062F0067A438 /* Debug */,
				8DFAC85F1A1E062F0067A438 /* Release */,
			);
			defaultConfigurationIsVisible = 0;
			defaultConfigurationName = Release;
		};
		8DFAC8601A1E062F0067A438 /* Build configuration list for PBXNativeTarget "TypetalkKit+WebSocketSample" */ = {
			isa = XCConfigurationList;
			buildConfigurations = (
				8DFAC8611A1E062F0067A438 /* Debug */,
				8DFAC8621A1E062F0067A438 /* Release */,
			);
			defaultConfigurationIsVisible = 0;
			defaultConfigurationName = Release;
		};
		8DFAC8631A1E062F0067A438 /* Build configuration list for PBXNativeTarget "TypetalkKit+WebSocketSampleTests" */ = {
			isa = XCConfigurationList;
			buildConfigurations = (
				8DFAC8641A1E062F0067A438 /* Debug */,
				8DFAC8651A1E062F0067A438 /* Release */,
			);
			defaultConfigurationIsVisible = 0;
			defaultConfigurationName = Release;
		};
/* End XCConfigurationList section */
	};
	rootObject = 8DFAC8371A1E062F0067A438 /* Project object */;
}
